PODS:
  - Alamofire (5.6.1)
  - MBProgressHUD (1.2.0)
  - SDWebImage (5.12.5):
    - SDWebImage/Core (= 5.12.5)
  - SDWebImage/Core (5.12.5)
  - SwiftyJSON (5.0.1)

DEPENDENCIES:
  - Alamofire
  - MBProgressHUD
  - SDWebImage
  - SwiftyJSON

SPEC REPOS:
  trunk:
    - Alamofire
    - MBProgressHUD
    - SDWebImage
    - SwiftyJSON

SPEC CHECKSUMS:
  Alamofire: 87bd8c952f9a4454320fce00d9cc3de57bcadaf5
  MBProgressHUD: 3ee5efcc380f6a79a7cc9b363dd669c5e1ae7406
  SDWebImage: 0905f1b7760fc8ac4198cae0036600d67478751e
  SwiftyJSON: 2f33a42c6fbc52764d96f13368585094bfd8aa5e

PODFILE CHECKSUM: d9645b872089ba3bb0ce30f5ce776c88198bf995

COCOAPODS: 1.11.3
